
Microsoft Visual Studio Solution File, Format Version 12.00
# Visual Studio 2013
VisualStudioVersion = 12.0.40629.0
MinimumVisualStudioVersion = 10.0.40219.1
Project("{FAE04EC0-301F-11D3-BF4B-00C04F79EFBC}") = "AcessoBancoDados", "AcessoBancoDados\AcessoBancoDados.csproj", "{425E3B2F-B6E3-43A6-876D-02B553795CF8}"
EndProject
Project("{FAE04EC0-301F-11D3-BF4B-00C04F79EFBC}") = "Negocios", "Negocios\Negocios.csproj", "{EB7DB0FC-3420-4DD4-BF0A-2FF3A104E091}"
EndProject
Project("{FAE04EC0-301F-11D3-BF4B-00C04F79EFBC}") = "Apresentacao", "Apresentacao\Apresentacao.csproj", "{56654339-E221-4B8E-9BCD-CC7C8A975B44}"
EndProject
Project("{FAE04EC0-301F-11D3-BF4B-00C04F79EFBC}") = "ObjetoTransferencia", "ObjetoTransferencia\ObjetoTransferencia.csproj", "{907C2086-6E9F-4A38-9037-9292005D86CF}"
EndProject
Global
	GlobalSection(SolutionConfigurationPlatforms) = preSolution
		Debug|Any CPU = Debug|Any CPU
		Release|Any CPU = Release|Any CPU
	EndGlobalSection
	GlobalSection(ProjectConfigurationPlatforms) = postSolution
		{425E3B2F-B6E3-43A6-876D-02B553795CF8}.Debug|Any CPU.ActiveCfg = Debug|Any CPU
		{425E3B2F-B6E3-43A6-876D-02B553795CF8}.Debug|Any CPU.Build.0 = Debug|Any CPU
		{425E3B2F-B6E3-43A6-876D-02B553795CF8}.Release|Any CPU.ActiveCfg = Release|Any CPU
		{425E3B2F-B6E3-43A6-876D-02B553795CF8}.Release|Any CPU.Build.0 = Release|Any CPU
		{EB7DB0FC-3420-4DD4-BF0A-2FF3A104E091}.Debug|Any CPU.ActiveCfg = Debug|Any CPU
		{EB7DB0FC-3420-4DD4-BF0A-2FF3A104E091}.Debug|Any CPU.Build.0 = Debug|Any CPU
		{EB7DB0FC-3420-4DD4-BF0A-2FF3A104E091}.Release|Any CPU.ActiveCfg = Release|Any CPU
		{EB7DB0FC-3420-4DD4-BF0A-2FF3A104E091}.Release|Any CPU.Build.0 = Release|Any CPU
		{56654339-E221-4B8E-9BCD-CC7C8A975B44}.Debug|Any CPU.ActiveCfg = Debug|Any CPU
		{56654339-E221-4B8E-9BCD-CC7C8A975B44}.Debug|Any CPU.Build.0 = Debug|Any CPU
		{56654339-E221-4B8E-9BCD-CC7C8A975B44}.Release|Any CPU.ActiveCfg = Release|Any CPU
		{56654339-E221-4B8E-9BCD-CC7C8A975B44}.Release|Any CPU.Build.0 = Release|Any CPU
		{907C2086-6E9F-4A38-9037-9292005D86CF}.Debug|Any CPU.ActiveCfg = Debug|Any CPU
		{907C2086-6E9F-4A38-9037-9292005D86CF}.Debug|Any CPU.Build.0 = Debug|Any CPU
		{907C2086-6E9F-4A38-9037-9292005D86CF}.Release|Any CPU.ActiveCfg = Release|Any CPU
		{907C2086-6E9F-4A38-9037-9292005D86CF}.Release|Any CPU.Build.0 = Release|Any CPU
	EndGlobalSection
	GlobalSection(SolutionProperties) = preSolution
		HideSolutionNode = FALSE
	EndGlobalSection
EndGlobal
